
Microsoft Visual Studio Solution File, Format Version 12.00
# Visual Studio 15
Project("{FAE04EC0-301F-11D3-BF4B-00C04F79EFBC}") = "UnityEngine.TestRunner", "UnityEngine.TestRunner.csproj", "{F9039179-F568-4851-2C54-02B899462AED}"
EndProject
Project("{FAE04EC0-301F-11D3-BF4B-00C04F79EFBC}") = "UnityEngine.UI", "UnityEngine.UI.csproj", "{E7A0E662-ECD7-BF1F-40BA-AEFA865E2996}"
EndProject
Project("{FAE04EC0-301F-11D3-BF4B-00C04F79EFBC}") = "Unity.VisualScripting.Flow", "Unity.VisualScripting.Flow.csproj", "{0AB3B740-7DDE-B9F3-C45A-7990BA767CF6}"
EndProject
Project("{FAE04EC0-301F-11D3-BF4B-00C04F79EFBC}") = "Unity.Services.Core.Telemetry", "Unity.Services.Core.Telemetry.csproj", "{5E48FAF5-9DD9-DF22-5617-8DC2EB494589}"
EndProject
Project("{FAE04EC0-301F-11D3-BF4B-00C04F79EFBC}") = "Unity.VisualScripting.State", "Unity.VisualScripting.State.csproj", "{F47EC369-0F3F-6DFB-19C7-BA208F633F42}"
EndProject
Project("{FAE04EC0-301F-11D3-BF4B-00C04F79EFBC}") = "Unity.VisualScripting.Core", "Unity.VisualScripting.Core.csproj", "{2F2564AD-48DE-4508-D8B1-1051F2B377D5}"
EndProject
Project("{FAE04EC0-301F-11D3-BF4B-00C04F79EFBC}") = "Unity.Services.Core.Environments.Internal", "Unity.Services.Core.Environments.Internal.csproj", "{DB03DCFE-8B94-B78B-B1AD-35588CCBCC57}"
EndProject
Project("{FAE04EC0-301F-11D3-BF4B-00C04F79EFBC}") = "Unity.TextMeshPro", "Unity.TextMeshPro.csproj", "{763D57E1-F065-8E88-9C01-E0B5812D3645}"
EndProject
Project("{FAE04EC0-301F-11D3-BF4B-00C04F79EFBC}") = "Unity.Timeline", "Unity.Timeline.csproj", "{3AED8DB5-EC41-DE0E-A8D1-41DD5C75D56C}"
EndProject
Project("{FAE04EC0-301F-11D3-BF4B-00C04F79EFBC}") = "Unity.Services.Core", "Unity.Services.Core.csproj", "{E1C03952-C608-95D1-F12F-096C29ED1177}"
EndProject
Project("{FAE04EC0-301F-11D3-BF4B-00C04F79EFBC}") = "Unity.Services.Core.Environments", "Unity.Services.Core.Environments.csproj", "{29BDFC57-2D5A-D73F-8551-D6D33D359B5D}"
EndProject
Project("{FAE04EC0-301F-11D3-BF4B-00C04F79EFBC}") = "Unity.Services.Core.Internal", "Unity.Services.Core.Internal.csproj", "{33B00A83-8BE2-7A9A-0B14-B1A8A0412E80}"
EndProject
Project("{FAE04EC0-301F-11D3-BF4B-00C04F79EFBC}") = "Unity.Services.Core.Analytics", "Unity.Services.Core.Analytics.csproj", "{74698782-9BC1-D308-DD26-29B562A19904}"
EndProject
Project("{FAE04EC0-301F-11D3-BF4B-00C04F79EFBC}") = "Unity.Services.Core.Scheduler", "Unity.Services.Core.Scheduler.csproj", "{9737E085-31E9-7D41-A071-9648094CE31E}"
EndProject
Project("{FAE04EC0-301F-11D3-BF4B-00C04F79EFBC}") = "Unity.Services.Core.Registration", "Unity.Services.Core.Registration.csproj", "{E0D7C2D6-5ADA-7BE7-D586-B84E94ABCA95}"
EndProject
Project("{FAE04EC0-301F-11D3-BF4B-00C04F79EFBC}") = "Unity.Services.Core.Device", "Unity.Services.Core.Device.csproj", "{DF9D2F17-36A3-AE98-9631-6838CE8B7799}"
EndProject
Project("{FAE04EC0-301F-11D3-BF4B-00C04F79EFBC}") = "Assembly-CSharp", "Assembly-CSharp.csproj", "{917A4ABF-BA75-9571-9DCB-5F918080882E}"
EndProject
Project("{FAE04EC0-301F-11D3-BF4B-00C04F79EFBC}") = "Unity.Services.Core.Threading", "Unity.Services.Core.Threading.csproj", "{BD35B156-AC9D-9A71-5E25-DCCA8508367C}"
EndProject
Project("{FAE04EC0-301F-11D3-BF4B-00C04F79EFBC}") = "Unity.Services.Core.Networking", "Unity.Services.Core.Networking.csproj", "{1B978F8F-33AC-4708-85B3-347BA1345499}"
EndProject
Project("{FAE04EC0-301F-11D3-BF4B-00C04F79EFBC}") = "Unity.Services.Core.Configuration", "Unity.Services.Core.Configuration.csproj", "{68E4D779-D44E-6FD3-89BB-D76F1EEC4E62}"
EndProject
Project("{FAE04EC0-301F-11D3-BF4B-00C04F79EFBC}") = "Unity.PlasticSCM.Editor", "Unity.PlasticSCM.Editor.csproj", "{63850D60-5866-5F98-5325-86DA1EB177C0}"
EndProject
Project("{FAE04EC0-301F-11D3-BF4B-00C04F79EFBC}") = "Unity.VisualScripting.Core.Editor", "Unity.VisualScripting.Core.Editor.csproj", "{38B83D73-36F5-6460-437F-F9164134E3E3}"
EndProject
Project("{FAE04EC0-301F-11D3-BF4B-00C04F79EFBC}") = "Unity.VisualScripting.Flow.Editor", "Unity.VisualScripting.Flow.Editor.csproj", "{96FE2AEE-32EA-9C5A-6EBF-1B98796409F0}"
EndProject
Project("{FAE04EC0-301F-11D3-BF4B-00C04F79EFBC}") = "Unity.VisualStudio.Editor", "Unity.VisualStudio.Editor.csproj", "{31CF14F4-C759-ED35-0CF5-0B342C223D9A}"
EndProject
Project("{FAE04EC0-301F-11D3-BF4B-00C04F79EFBC}") = "Unity.Timeline.Editor", "Unity.Timeline.Editor.csproj", "{AAF5C003-FD43-FDBD-E2FC-8A1CCCA41F89}"
EndProject
Project("{FAE04EC0-301F-11D3-BF4B-00C04F79EFBC}") = "Unity.VisualScripting.State.Editor", "Unity.VisualScripting.State.Editor.csproj", "{FE7E79F5-CC17-FD70-B74A-010E3909DE57}"
EndProject
Project("{FAE04EC0-301F-11D3-BF4B-00C04F79EFBC}") = "Unity.TextMeshPro.Editor", "Unity.TextMeshPro.Editor.csproj", "{0C0AC694-E70D-C82D-33A0-44DB70AF22DE}"
EndProject
Project("{FAE04EC0-301F-11D3-BF4B-00C04F79EFBC}") = "Unity.VisualScripting.SettingsProvider.Editor", "Unity.VisualScripting.SettingsProvider.Editor.csproj", "{A2F4BB1D-D291-7201-CE32-72E62FDEA190}"
EndProject
Project("{FAE04EC0-301F-11D3-BF4B-00C04F79EFBC}") = "Unity.CollabProxy.Editor", "Unity.CollabProxy.Editor.csproj", "{4ACC1456-9C68-C95D-8C72-3F28664675C9}"
EndProject
Project("{FAE04EC0-301F-11D3-BF4B-00C04F79EFBC}") = "UnityEditor.TestRunner", "UnityEditor.TestRunner.csproj", "{8C33CB02-FF04-E8C5-77A0-A624C66DF8F6}"
EndProject
Project("{FAE04EC0-301F-11D3-BF4B-00C04F79EFBC}") = "Unity.Services.Core.Editor", "Unity.Services.Core.Editor.csproj", "{8C6CE7B9-DFD8-2C47-F880-E0BDA0542011}"
EndProject
Project("{FAE04EC0-301F-11D3-BF4B-00C04F79EFBC}") = "Unity.TestTools.CodeCoverage.Editor", "Unity.TestTools.CodeCoverage.Editor.csproj", "{A66B359D-65C5-6319-14B7-685F6A39EAC5}"
EndProject
Project("{FAE04EC0-301F-11D3-BF4B-00C04F79EFBC}") = "Unity.Rider.Editor", "Unity.Rider.Editor.csproj", "{63D5E98A-8B8D-073E-C8F7-784FEF6F8C8C}"
EndProject
Project("{FAE04EC0-301F-11D3-BF4B-00C04F79EFBC}") = "Unity.Performance.Profile-Analyzer.Editor", "Unity.Performance.Profile-Analyzer.Editor.csproj", "{EC9E3279-F46D-1950-289D-BAC4BBD178F0}"
EndProject
Project("{FAE04EC0-301F-11D3-BF4B-00C04F79EFBC}") = "Unity.VSCode.Editor", "Unity.VSCode.Editor.csproj", "{6BFE5992-F6FE-CA1E-96FD-5209CBF98C7C}"
EndProject
Project("{FAE04EC0-301F-11D3-BF4B-00C04F79EFBC}") = "UnityEditor.UI", "UnityEditor.UI.csproj", "{EECFE885-43E1-8D01-597B-4B24A181FAF0}"
EndProject
Project("{FAE04EC0-301F-11D3-BF4B-00C04F79EFBC}") = "Unity.TestTools.CodeCoverage.Editor.OpenCover.Model", "Unity.TestTools.CodeCoverage.Editor.OpenCover.Model.csproj", "{84F6D05E-8736-7506-BB2C-FFB59C2B4A13}"
EndProject
Project("{FAE04EC0-301F-11D3-BF4B-00C04F79EFBC}") = "Unity.EditorCoroutines.Editor", "Unity.EditorCoroutines.Editor.csproj", "{F8BA473C-BFD1-82A3-1C8A-05F2655B60FF}"
EndProject
Project("{FAE04EC0-301F-11D3-BF4B-00C04F79EFBC}") = "Unity.Settings.Editor", "Unity.Settings.Editor.csproj", "{C726578A-66D4-DC0F-4D5E-4188B92C2DB8}"
EndProject
Project("{FAE04EC0-301F-11D3-BF4B-00C04F79EFBC}") = "Unity.Services.Core.Configuration.Editor", "Unity.Services.Core.Configuration.Editor.csproj", "{0CA5088D-5748-C185-3935-23DA931D50C5}"
EndProject
Project("{FAE04EC0-301F-11D3-BF4B-00C04F79EFBC}") = "Unity.TestTools.CodeCoverage.Editor.OpenCover.Mono.Reflection", "Unity.TestTools.CodeCoverage.Editor.OpenCover.Mono.Reflection.csproj", "{B2815A56-8A28-902A-0B65-9D54584A1DA8}"
EndProject
Project("{FAE04EC0-301F-11D3-BF4B-00C04F79EFBC}") = "Unity.VisualScripting.Shared.Editor", "Unity.VisualScripting.Shared.Editor.csproj", "{11381911-CBEB-FAEC-6AE3-11FF20ADA840}"
EndProject
Project("{FAE04EC0-301F-11D3-BF4B-00C04F79EFBC}") = "Assembly-CSharp-Editor", "Assembly-CSharp-Editor.csproj", "{511D151C-72E7-DB5B-3DE6-3C0E0C0177E5}"
EndProject
Project("{FAE04EC0-301F-11D3-BF4B-00C04F79EFBC}") = "UnityEngine.TestRunner", "UnityEngine.TestRunner.Player.csproj", "{755324DA-8C38-80EB-4FAE-59AE1593BC33}"
EndProject
Project("{FAE04EC0-301F-11D3-BF4B-00C04F79EFBC}") = "UnityEngine.UI", "UnityEngine.UI.Player.csproj", "{22190B1F-EBD9-028A-377A-D0D235EF683D}"
EndProject
Project("{FAE04EC0-301F-11D3-BF4B-00C04F79EFBC}") = "Unity.VisualScripting.Flow", "Unity.VisualScripting.Flow.Player.csproj", "{7715BF4A-D3EB-FEA1-35EF-C70460E45DC8}"
EndProject
Project("{FAE04EC0-301F-11D3-BF4B-00C04F79EFBC}") = "Unity.Services.Core.Telemetry", "Unity.Services.Core.Telemetry.Player.csproj", "{086752A8-F97F-C749-4518-1FFEFB6C5FD8}"
EndProject
Project("{FAE04EC0-301F-11D3-BF4B-00C04F79EFBC}") = "Unity.VisualScripting.State", "Unity.VisualScripting.State.Player.csproj", "{810AF306-26EC-8195-ED2A-9748542C70B9}"
EndProject
Project("{FAE04EC0-301F-11D3-BF4B-00C04F79EFBC}") = "Unity.VisualScripting.Core", "Unity.VisualScripting.Core.Player.csproj", "{F9AA05CC-7852-91B9-E525-8AA58DB170CD}"
EndProject
Project("{FAE04EC0-301F-11D3-BF4B-00C04F79EFBC}") = "Unity.Services.Core.Environments.Internal", "Unity.Services.Core.Environments.Internal.Player.csproj", "{936FFDDF-1748-344B-D897-D2CE64E04CB9}"
EndProject
Project("{FAE04EC0-301F-11D3-BF4B-00C04F79EFBC}") = "Unity.TextMeshPro", "Unity.TextMeshPro.Player.csproj", "{A37255F5-DEA3-CFE1-9463-6939DB469C8A}"
EndProject
Project("{FAE04EC0-301F-11D3-BF4B-00C04F79EFBC}") = "Unity.Timeline", "Unity.Timeline.Player.csproj", "{51DB228B-DF99-EA4B-CDD7-C84A66A464C3}"
EndProject
Project("{FAE04EC0-301F-11D3-BF4B-00C04F79EFBC}") = "Unity.Services.Core", "Unity.Services.Core.Player.csproj", "{C2EF007F-B050-2968-932A-FEA87C502583}"
EndProject
Project("{FAE04EC0-301F-11D3-BF4B-00C04F79EFBC}") = "Unity.Services.Core.Environments", "Unity.Services.Core.Environments.Player.csproj", "{B2868851-1955-F5B2-8709-E0F6ACAB9916}"
EndProject
Project("{FAE04EC0-301F-11D3-BF4B-00C04F79EFBC}") = "Unity.Services.Core.Internal", "Unity.Services.Core.Internal.Player.csproj", "{2F53F610-6F46-FAA6-9D7B-27CF7990446F}"
EndProject
Project("{FAE04EC0-301F-11D3-BF4B-00C04F79EFBC}") = "Unity.Services.Core.Analytics", "Unity.Services.Core.Analytics.Player.csproj", "{5BDA90DE-4179-271D-ADB5-AF988D386F8F}"
EndProject
Project("{FAE04EC0-301F-11D3-BF4B-00C04F79EFBC}") = "Unity.Services.Core.Scheduler", "Unity.Services.Core.Scheduler.Player.csproj", "{328E1200-8E90-4B14-34B1-48FA3FAC6A97}"
EndProject
Project("{FAE04EC0-301F-11D3-BF4B-00C04F79EFBC}") = "Unity.Services.Core.Registration", "Unity.Services.Core.Registration.Player.csproj", "{FEF7E3CB-CD78-6D90-9525-2B1911605474}"
EndProject
Project("{FAE04EC0-301F-11D3-BF4B-00C04F79EFBC}") = "Unity.Services.Core.Device", "Unity.Services.Core.Device.Player.csproj", "{AD24DD42-897B-E86B-5C47-B54926BD9EAC}"
EndProject
Project("{FAE04EC0-301F-11D3-BF4B-00C04F79EFBC}") = "Assembly-CSharp", "Assembly-CSharp.Player.csproj", "{E19CCC38-EE4D-37EA-A498-6163F79E0B66}"
EndProject
Project("{FAE04EC0-301F-11D3-BF4B-00C04F79EFBC}") = "Unity.Services.Core.Threading", "Unity.Services.Core.Threading.Player.csproj", "{DF2F648B-FBE1-95A4-A0DA-464AC0F12DAA}"
EndProject
Project("{FAE04EC0-301F-11D3-BF4B-00C04F79EFBC}") = "Unity.Services.Core.Networking", "Unity.Services.Core.Networking.Player.csproj", "{E6ACE870-3D9B-A67A-97DA-5C9AE8135263}"
EndProject
Project("{FAE04EC0-301F-11D3-BF4B-00C04F79EFBC}") = "Unity.Services.Core.Configuration", "Unity.Services.Core.Configuration.Player.csproj", "{E940B865-95EA-8294-793D-9BEA4F43688B}"
EndProject
Global
	GlobalSection(SolutionConfigurationPlatforms) = preSolution
		Debug|Any CPU = Debug|Any CPU
		Release|Any CPU = Release|Any CPU
	EndGlobalSection
	GlobalSection(ProjectConfigurationPlatforms) = postSolution
		{F9039179-F568-4851-2C54-02B899462AED}.Debug|Any CPU.ActiveCfg = Debug|Any CPU
		{F9039179-F568-4851-2C54-02B899462AED}.Debug|Any CPU.Build.0 = Debug|Any CPU
		{F9039179-F568-4851-2C54-02B899462AED}.Release|Any CPU.ActiveCfg = Release|Any CPU
		{F9039179-F568-4851-2C54-02B899462AED}.Release|Any CPU.Build.0 = Release|Any CPU
		{E7A0E662-ECD7-BF1F-40BA-AEFA865E2996}.Debug|Any CPU.ActiveCfg = Debug|Any CPU
		{E7A0E662-ECD7-BF1F-40BA-AEFA865E2996}.Debug|Any CPU.Build.0 = Debug|Any CPU
		{E7A0E662-ECD7-BF1F-40BA-AEFA865E2996}.Release|Any CPU.ActiveCfg = Release|Any CPU
		{E7A0E662-ECD7-BF1F-40BA-AEFA865E2996}.Release|Any CPU.Build.0 = Release|Any CPU
		{0AB3B740-7DDE-B9F3-C45A-7990BA767CF6}.Debug|Any CPU.ActiveCfg = Debug|Any CPU
		{0AB3B740-7DDE-B9F3-C45A-7990BA767CF6}.Debug|Any CPU.Build.0 = Debug|Any CPU
		{0AB3B740-7DDE-B9F3-C45A-7990BA767CF6}.Release|Any CPU.ActiveCfg = Release|Any CPU
		{0AB3B740-7DDE-B9F3-C45A-7990BA767CF6}.Release|Any CPU.Build.0 = Release|Any CPU
		{5E48FAF5-9DD9-DF22-5617-8DC2EB494589}.Debug|Any CPU.ActiveCfg = Debug|Any CPU
		{5E48FAF5-9DD9-DF22-5617-8DC2EB494589}.Debug|Any CPU.Build.0 = Debug|Any CPU
		{5E48FAF5-9DD9-DF22-5617-8DC2EB494589}.Release|Any CPU.ActiveCfg = Release|Any CPU
		{5E48FAF5-9DD9-DF22-5617-8DC2EB494589}.Release|Any CPU.Build.0 = Release|Any CPU
		{F47EC369-0F3F-6DFB-19C7-BA208F633F42}.Debug|Any CPU.ActiveCfg = Debug|Any CPU
		{F47EC369-0F3F-6DFB-19C7-BA208F633F42}.Debug|Any CPU.Build.0 = Debug|Any CPU
		{F47EC369-0F3F-6DFB-19C7-BA208F633F42}.Release|Any CPU.ActiveCfg = Release|Any CPU
		{F47EC369-0F3F-6DFB-19C7-BA208F633F42}.Release|Any CPU.Build.0 = Release|Any CPU
		{2F2564AD-48DE-4508-D8B1-1051F2B377D5}.Debug|Any CPU.ActiveCfg = Debug|Any CPU
		{2F2564AD-48DE-4508-D8B1-1051F2B377D5}.Debug|Any CPU.Build.0 = Debug|Any CPU
		{2F2564AD-48DE-4508-D8B1-1051F2B377D5}.Release|Any CPU.ActiveCfg = Release|Any CPU
		{2F2564AD-48DE-4508-D8B1-1051F2B377D5}.Release|Any CPU.Build.0 = Release|Any CPU
		{DB03DCFE-8B94-B78B-B1AD-35588CCBCC57}.Debug|Any CPU.ActiveCfg = Debug|Any CPU
		{DB03DCFE-8B94-B78B-B1AD-35588CCBCC57}.Debug|Any CPU.Build.0 = Debug|Any CPU
		{DB03DCFE-8B94-B78B-B1AD-35588CCBCC57}.Release|Any CPU.ActiveCfg = Release|Any CPU
		{DB03DCFE-8B94-B78B-B1AD-35588CCBCC57}.Release|Any CPU.Build.0 = Release|Any CPU
		{763D57E1-F065-8E88-9C01-E0B5812D3645}.Debug|Any CPU.ActiveCfg = Debug|Any CPU
		{763D57E1-F065-8E88-9C01-E0B5812D3645}.Debug|Any CPU.Build.0 = Debug|Any CPU
		{763D57E1-F065-8E88-9C01-E0B5812D3645}.Release|Any CPU.ActiveCfg = Release|Any CPU
		{763D57E1-F065-8E88-9C01-E0B5812D3645}.Release|Any CPU.Build.0 = Release|Any CPU
		{3AED8DB5-EC41-DE0E-A8D1-41DD5C75D56C}.Debug|Any CPU.ActiveCfg = Debug|Any CPU
		{3AED8DB5-EC41-DE0E-A8D1-41DD5C75D56C}.Debug|Any CPU.Build.0 = Debug|Any CPU
		{3AED8DB5-EC41-DE0E-A8D1-41DD5C75D56C}.Release|Any CPU.ActiveCfg = Release|Any CPU
		{3AED8DB5-EC41-DE0E-A8D1-41DD5C75D56C}.Release|Any CPU.Build.0 = Release|Any CPU
		{E1C03952-C608-95D1-F12F-096C29ED1177}.Debug|Any CPU.ActiveCfg = Debug|Any CPU
		{E1C03952-C608-95D1-F12F-096C29ED1177}.Debug|Any CPU.Build.0 = Debug|Any CPU
		{E1C03952-C608-95D1-F12F-096C29ED1177}.Release|Any CPU.ActiveCfg = Release|Any CPU
		{E1C03952-C608-95D1-F12F-096C29ED1177}.Release|Any CPU.Build.0 = Release|Any CPU
		{29BDFC57-2D5A-D73F-8551-D6D33D359B5D}.Debug|Any CPU.ActiveCfg = Debug|Any CPU
		{29BDFC57-2D5A-D73F-8551-D6D33D359B5D}.Debug|Any CPU.Build.0 = Debug|Any CPU
		{29BDFC57-2D5A-D73F-8551-D6D33D359B5D}.Release|Any CPU.ActiveCfg = Release|Any CPU
		{29BDFC57-2D5A-D73F-8551-D6D33D359B5D}.Release|Any CPU.Build.0 = Release|Any CPU
		{33B00A83-8BE2-7A9A-0B14-B1A8A0412E80}.Debug|Any CPU.ActiveCfg = Debug|Any CPU
		{33B00A83-8BE2-7A9A-0B14-B1A8A0412E80}.Debug|Any CPU.Build.0 = Debug|Any CPU
		{33B00A83-8BE2-7A9A-0B14-B1A8A0412E80}.Release|Any CPU.ActiveCfg = Release|Any CPU
		{33B00A83-8BE2-7A9A-0B14-B1A8A0412E80}.Release|Any CPU.Build.0 = Release|Any CPU
		{74698782-9BC1-D308-DD26-29B562A19904}.Debug|Any CPU.ActiveCfg = Debug|Any CPU
		{74698782-9BC1-D308-DD26-29B562A19904}.Debug|Any CPU.Build.0 = Debug|Any CPU
		{74698782-9BC1-D308-DD26-29B562A19904}.Release|Any CPU.ActiveCfg = Release|Any CPU
		{74698782-9BC1-D308-DD26-29B562A19904}.Release|Any CPU.Build.0 = Release|Any CPU
		{9737E085-31E9-7D41-A071-9648094CE31E}.Debug|Any CPU.ActiveCfg = Debug|Any CPU
		{9737E085-31E9-7D41-A071-9648094CE31E}.Debug|Any CPU.Build.0 = Debug|Any CPU
		{9737E085-31E9-7D41-A071-9648094CE31E}.Release|Any CPU.ActiveCfg = Release|Any CPU
		{9737E085-31E9-7D41-A071-9648094CE31E}.Release|Any CPU.Build.0 = Release|Any CPU
		{E0D7C2D6-5ADA-7BE7-D586-B84E94ABCA95}.Debug|Any CPU.ActiveCfg = Debug|Any CPU
		{E0D7C2D6-5ADA-7BE7-D586-B84E94ABCA95}.Debug|Any CPU.Build.0 = Debug|Any CPU
		{E0D7C2D6-5ADA-7BE7-D586-B84E94ABCA95}.Release|Any CPU.ActiveCfg = Release|Any CPU
		{E0D7C2D6-5ADA-7BE7-D586-B84E94ABCA95}.Release|Any CPU.Build.0 = Release|Any CPU
		{DF9D2F17-36A3-AE98-9631-6838CE8B7799}.Debug|Any CPU.ActiveCfg = Debug|Any CPU
		{DF9D2F17-36A3-AE98-9631-6838CE8B7799}.Debug|Any CPU.Build.0 = Debug|Any CPU
		{DF9D2F17-36A3-AE98-9631-6838CE8B7799}.Release|Any CPU.ActiveCfg = Release|Any CPU
		{DF9D2F17-36A3-AE98-9631-6838CE8B7799}.Release|Any CPU.Build.0 = Release|Any CPU
		{917A4ABF-BA75-9571-9DCB-5F918080882E}.Debug|Any CPU.ActiveCfg = Debug|Any CPU
		{917A4ABF-BA75-9571-9DCB-5F918080882E}.Debug|Any CPU.Build.0 = Debug|Any CPU
		{917A4ABF-BA75-9571-9DCB-5F918080882E}.Release|Any CPU.ActiveCfg = Release|Any CPU
		{917A4ABF-BA75-9571-9DCB-5F918080882E}.Release|Any CPU.Build.0 = Release|Any CPU
		{BD35B156-AC9D-9A71-5E25-DCCA8508367C}.Debug|Any CPU.ActiveCfg = Debug|Any CPU
		{BD35B156-AC9D-9A71-5E25-DCCA8508367C}.Debug|Any CPU.Build.0 = Debug|Any CPU
		{BD35B156-AC9D-9A71-5E25-DCCA8508367C}.Release|Any CPU.ActiveCfg = Release|Any CPU
		{BD35B156-AC9D-9A71-5E25-DCCA8508367C}.Release|Any CPU.Build.0 = Release|Any CPU
		{1B978F8F-33AC-4708-85B3-347BA1345499}.Debug|Any CPU.ActiveCfg = Debug|Any CPU
		{1B978F8F-33AC-4708-85B3-347BA1345499}.Debug|Any CPU.Build.0 = Debug|Any CPU
		{1B978F8F-33AC-4708-85B3-347BA1345499}.Release|Any CPU.ActiveCfg = Release|Any CPU
		{1B978F8F-33AC-4708-85B3-347BA1345499}.Release|Any CPU.Build.0 = Release|Any CPU
		{68E4D779-D44E-6FD3-89BB-D76F1EEC4E62}.Debug|Any CPU.ActiveCfg = Debug|Any CPU
		{68E4D779-D44E-6FD3-89BB-D76F1EEC4E62}.Debug|Any CPU.Build.0 = Debug|Any CPU
		{68E4D779-D44E-6FD3-89BB-D76F1EEC4E62}.Release|Any CPU.ActiveCfg = Release|Any CPU
		{68E4D779-D44E-6FD3-89BB-D76F1EEC4E62}.Release|Any CPU.Build.0 = Release|Any CPU
		{63850D60-5866-5F98-5325-86DA1EB177C0}.Debug|Any CPU.ActiveCfg = Debug|Any CPU
		{63850D60-5866-5F98-5325-86DA1EB177C0}.Debug|Any CPU.Build.0 = Debug|Any CPU
		{63850D60-5866-5F98-5325-86DA1EB177C0}.Release|Any CPU.ActiveCfg = Release|Any CPU
		{63850D60-5866-5F98-5325-86DA1EB177C0}.Release|Any CPU.Build.0 = Release|Any CPU
		{38B83D73-36F5-6460-437F-F9164134E3E3}.Debug|Any CPU.ActiveCfg = Debug|Any CPU
		{38B83D73-36F5-6460-437F-F9164134E3E3}.Debug|Any CPU.Build.0 = Debug|Any CPU
		{38B83D73-36F5-6460-437F-F9164134E3E3}.Release|Any CPU.ActiveCfg = Release|Any CPU
		{38B83D73-36F5-6460-437F-F9164134E3E3}.Release|Any CPU.Build.0 = Release|Any CPU
		{96FE2AEE-32EA-9C5A-6EBF-1B98796409F0}.Debug|Any CPU.ActiveCfg = Debug|Any CPU
		{96FE2AEE-32EA-9C5A-6EBF-1B98796409F0}.Debug|Any CPU.Build.0 = Debug|Any CPU
		{96FE2AEE-32EA-9C5A-6EBF-1B98796409F0}.Release|Any CPU.ActiveCfg = Release|Any CPU
		{96FE2AEE-32EA-9C5A-6EBF-1B98796409F0}.Release|Any CPU.Build.0 = Release|Any CPU
		{31CF14F4-C759-ED35-0CF5-0B342C223D9A}.Debug|Any CPU.ActiveCfg = Debug|Any CPU
		{31CF14F4-C759-ED35-0CF5-0B342C223D9A}.Debug|Any CPU.Build.0 = Debug|Any CPU
		{31CF14F4-C759-ED35-0CF5-0B342C223D9A}.Release|Any CPU.ActiveCfg = Release|Any CPU
		{31CF14F4-C759-ED35-0CF5-0B342C223D9A}.Release|Any CPU.Build.0 = Release|Any CPU
		{AAF5C003-FD43-FDBD-E2FC-8A1CCCA41F89}.Debug|Any CPU.ActiveCfg = Debug|Any CPU
		{AAF5C003-FD43-FDBD-E2FC-8A1CCCA41F89}.Debug|Any CPU.Build.0 = Debug|Any CPU
		{AAF5C003-FD43-FDBD-E2FC-8A1CCCA41F89}.Release|Any CPU.ActiveCfg = Release|Any CPU
		{AAF5C003-FD43-FDBD-E2FC-8A1CCCA41F89}.Release|Any CPU.Build.0 = Release|Any CPU
		{FE7E79F5-CC17-FD70-B74A-010E3909DE57}.Debug|Any CPU.ActiveCfg = Debug|Any CPU
		{FE7E79F5-CC17-FD70-B74A-010E3909DE57}.Debug|Any CPU.Build.0 = Debug|Any CPU
		{FE7E79F5-CC17-FD70-B74A-010E3909DE57}.Release|Any CPU.ActiveCfg = Release|Any CPU
		{FE7E79F5-CC17-FD70-B74A-010E3909DE57}.Release|Any CPU.Build.0 = Release|Any CPU
		{0C0AC694-E70D-C82D-33A0-44DB70AF22DE}.Debug|Any CPU.ActiveCfg = Debug|Any CPU
		{0C0AC694-E70D-C82D-33A0-44DB70AF22DE}.Debug|Any CPU.Build.0 = Debug|Any CPU
		{0C0AC694-E70D-C82D-33A0-44DB70AF22DE}.Release|Any CPU.ActiveCfg = Release|Any CPU
		{0C0AC694-E70D-C82D-33A0-44DB70AF22DE}.Release|Any CPU.Build.0 = Release|Any CPU
		{A2F4BB1D-D291-7201-CE32-72E62FDEA190}.Debug|Any CPU.ActiveCfg = Debug|Any CPU
		{A2F4BB1D-D291-7201-CE32-72E62FDEA190}.Debug|Any CPU.Build.0 = Debug|Any CPU
		{A2F4BB1D-D291-7201-CE32-72E62FDEA190}.Release|Any CPU.ActiveCfg = Release|Any CPU
		{A2F4BB1D-D291-7201-CE32-72E62FDEA190}.Release|Any CPU.Build.0 = Release|Any CPU
		{4ACC1456-9C68-C95D-8C72-3F28664675C9}.Debug|Any CPU.ActiveCfg = Debug|Any CPU
		{4ACC1456-9C68-C95D-8C72-3F28664675C9}.Debug|Any CPU.Build.0 = Debug|Any CPU
		{4ACC1456-9C68-C95D-8C72-3F28664675C9}.Release|Any CPU.ActiveCfg = Release|Any CPU
		{4ACC1456-9C68-C95D-8C72-3F28664675C9}.Release|Any CPU.Build.0 = Release|Any CPU
		{8C33CB02-FF04-E8C5-77A0-A624C66DF8F6}.Debug|Any CPU.ActiveCfg = Debug|Any CPU
		{8C33CB02-FF04-E8C5-77A0-A624C66DF8F6}.Debug|Any CPU.Build.0 = Debug|Any CPU
		{8C33CB02-FF04-E8C5-77A0-A624C66DF8F6}.Release|Any CPU.ActiveCfg = Release|Any CPU
		{8C33CB02-FF04-E8C5-77A0-A624C66DF8F6}.Release|Any CPU.Build.0 = Release|Any CPU
		{8C6CE7B9-DFD8-2C47-F880-E0BDA0542011}.Debug|Any CPU.ActiveCfg = Debug|Any CPU
		{8C6CE7B9-DFD8-2C47-F880-E0BDA0542011}.Debug|Any CPU.Build.0 = Debug|Any CPU
		{8C6CE7B9-DFD8-2C47-F880-E0BDA0542011}.Release|Any CPU.ActiveCfg = Release|Any CPU
		{8C6CE7B9-DFD8-2C47-F880-E0BDA0542011}.Release|Any CPU.Build.0 = Release|Any CPU
		{A66B359D-65C5-6319-14B7-685F6A39EAC5}.Debug|Any CPU.ActiveCfg = Debug|Any CPU
		{A66B359D-65C5-6319-14B7-685F6A39EAC5}.Debug|Any CPU.Build.0 = Debug|Any CPU
		{A66B359D-65C5-6319-14B7-685F6A39EAC5}.Release|Any CPU.ActiveCfg = Release|Any CPU
		{A66B359D-65C5-6319-14B7-685F6A39EAC5}.Release|Any CPU.Build.0 = Release|Any CPU
		{63D5E98A-8B8D-073E-C8F7-784FEF6F8C8C}.Debug|Any CPU.ActiveCfg = Debug|Any CPU
		{63D5E98A-8B8D-073E-C8F7-784FEF6F8C8C}.Debug|Any CPU.Build.0 = Debug|Any CPU
		{63D5E98A-8B8D-073E-C8F7-784FEF6F8C8C}.Release|Any CPU.ActiveCfg = Release|Any CPU
		{63D5E98A-8B8D-073E-C8F7-784FEF6F8C8C}.Release|Any CPU.Build.0 = Release|Any CPU
		{EC9E3279-F46D-1950-289D-BAC4BBD178F0}.Debug|Any CPU.ActiveCfg = Debug|Any CPU
		{EC9E3279-F46D-1950-289D-BAC4BBD178F0}.Debug|Any CPU.Build.0 = Debug|Any CPU
		{EC9E3279-F46D-1950-289D-BAC4BBD178F0}.Release|Any CPU.ActiveCfg = Release|Any CPU
		{EC9E3279-F46D-1950-289D-BAC4BBD178F0}.Release|Any CPU.Build.0 = Release|Any CPU
		{6BFE5992-F6FE-CA1E-96FD-5209CBF98C7C}.Debug|Any CPU.ActiveCfg = Debug|Any CPU
		{6BFE5992-F6FE-CA1E-96FD-5209CBF98C7C}.Debug|Any CPU.Build.0 = Debug|Any CPU
		{6BFE5992-F6FE-CA1E-96FD-5209CBF98C7C}.Release|Any CPU.ActiveCfg = Release|Any CPU
		{6BFE5992-F6FE-CA1E-96FD-5209CBF98C7C}.Release|Any CPU.Build.0 = Release|Any CPU
		{EECFE885-43E1-8D01-597B-4B24A181FAF0}.Debug|Any CPU.ActiveCfg = Debug|Any CPU
		{EECFE885-43E1-8D01-597B-4B24A181FAF0}.Debug|Any CPU.Build.0 = Debug|Any CPU
		{EECFE885-43E1-8D01-597B-4B24A181FAF0}.Release|Any CPU.ActiveCfg = Release|Any CPU
		{EECFE885-43E1-8D01-597B-4B24A181FAF0}.Release|Any CPU.Build.0 = Release|Any CPU
		{84F6D05E-8736-7506-BB2C-FFB59C2B4A13}.Debug|Any CPU.ActiveCfg = Debug|Any CPU
		{84F6D05E-8736-7506-BB2C-FFB59C2B4A13}.Debug|Any CPU.Build.0 = Debug|Any CPU
		{84F6D05E-8736-7506-BB2C-FFB59C2B4A13}.Release|Any CPU.ActiveCfg = Release|Any CPU
		{84F6D05E-8736-7506-BB2C-FFB59C2B4A13}.Release|Any CPU.Build.0 = Release|Any CPU
		{F8BA473C-BFD1-82A3-1C8A-05F2655B60FF}.Debug|Any CPU.ActiveCfg = Debug|Any CPU
		{F8BA473C-BFD1-82A3-1C8A-05F2655B60FF}.Debug|Any CPU.Build.0 = Debug|Any CPU
		{F8BA473C-BFD1-82A3-1C8A-05F2655B60FF}.Release|Any CPU.ActiveCfg = Release|Any CPU
		{F8BA473C-BFD1-82A3-1C8A-05F2655B60FF}.Release|Any CPU.Build.0 = Release|Any CPU
		{C726578A-66D4-DC0F-4D5E-4188B92C2DB8}.Debug|Any CPU.ActiveCfg = Debug|Any CPU
		{C726578A-66D4-DC0F-4D5E-4188B92C2DB8}.Debug|Any CPU.Build.0 = Debug|Any CPU
		{C726578A-66D4-DC0F-4D5E-4188B92C2DB8}.Release|Any CPU.ActiveCfg = Release|Any CPU
		{C726578A-66D4-DC0F-4D5E-4188B92C2DB8}.Release|Any CPU.Build.0 = Release|Any CPU
		{0CA5088D-5748-C185-3935-23DA931D50C5}.Debug|Any CPU.ActiveCfg = Debug|Any CPU
		{0CA5088D-5748-C185-3935-23DA931D50C5}.Debug|Any CPU.Build.0 = Debug|Any CPU
		{0CA5088D-5748-C185-3935-23DA931D50C5}.Release|Any CPU.ActiveCfg = Release|Any CPU
		{0CA5088D-5748-C185-3935-23DA931D50C5}.Release|Any CPU.Build.0 = Release|Any CPU
		{B2815A56-8A28-902A-0B65-9D54584A1DA8}.Debug|Any CPU.ActiveCfg = Debug|Any CPU
		{B2815A56-8A28-902A-0B65-9D54584A1DA8}.Debug|Any CPU.Build.0 = Debug|Any CPU
		{B2815A56-8A28-902A-0B65-9D54584A1DA8}.Release|Any CPU.ActiveCfg = Release|Any CPU
		{B2815A56-8A28-902A-0B65-9D54584A1DA8}.Release|Any CPU.Build.0 = Release|Any CPU
		{11381911-CBEB-FAEC-6AE3-11FF20ADA840}.Debug|Any CPU.ActiveCfg = Debug|Any CPU
		{11381911-CBEB-FAEC-6AE3-11FF20ADA840}.Debug|Any CPU.Build.0 = Debug|Any CPU
		{11381911-CBEB-FAEC-6AE3-11FF20ADA840}.Release|Any CPU.ActiveCfg = Release|Any CPU
		{11381911-CBEB-FAEC-6AE3-11FF20ADA840}.Release|Any CPU.Build.0 = Release|Any CPU
		{511D151C-72E7-DB5B-3DE6-3C0E0C0177E5}.Debug|Any CPU.ActiveCfg = Debug|Any CPU
		{511D151C-72E7-DB5B-3DE6-3C0E0C0177E5}.Debug|Any CPU.Build.0 = Debug|Any CPU
		{511D151C-72E7-DB5B-3DE6-3C0E0C0177E5}.Release|Any CPU.ActiveCfg = Release|Any CPU
		{511D151C-72E7-DB5B-3DE6-3C0E0C0177E5}.Release|Any CPU.Build.0 = Release|Any CPU
		{755324DA-8C38-80EB-4FAE-59AE1593BC33}.Debug|Any CPU.ActiveCfg = Debug|Any CPU
		{755324DA-8C38-80EB-4FAE-59AE1593BC33}.Debug|Any CPU.Build.0 = Debug|Any CPU
		{755324DA-8C38-80EB-4FAE-59AE1593BC33}.Release|Any CPU.ActiveCfg = Release|Any CPU
		{755324DA-8C38-80EB-4FAE-59AE1593BC33}.Release|Any CPU.Build.0 = Release|Any CPU
		{22190B1F-EBD9-028A-377A-D0D235EF683D}.Debug|Any CPU.ActiveCfg = Debug|Any CPU
		{22190B1F-EBD9-028A-377A-D0D235EF683D}.Debug|Any CPU.Build.0 = Debug|Any CPU
		{22190B1F-EBD9-028A-377A-D0D235EF683D}.Release|Any CPU.ActiveCfg = Release|Any CPU
		{22190B1F-EBD9-028A-377A-D0D235EF683D}.Release|Any CPU.Build.0 = Release|Any CPU
		{7715BF4A-D3EB-FEA1-35EF-C70460E45DC8}.Debug|Any CPU.ActiveCfg = Debug|Any CPU
		{7715BF4A-D3EB-FEA1-35EF-C70460E45DC8}.Debug|Any CPU.Build.0 = Debug|Any CPU
		{7715BF4A-D3EB-FEA1-35EF-C70460E45DC8}.Release|Any CPU.ActiveCfg = Release|Any CPU
		{7715BF4A-D3EB-FEA1-35EF-C70460E45DC8}.Release|Any CPU.Build.0 = Release|Any CPU
		{086752A8-F97F-C749-4518-1FFEFB6C5FD8}.Debug|Any CPU.ActiveCfg = Debug|Any CPU
		{086752A8-F97F-C749-4518-1FFEFB6C5FD8}.Debug|Any CPU.Build.0 = Debug|Any CPU
		{086752A8-F97F-C749-4518-1FFEFB6C5FD8}.Release|Any CPU.ActiveCfg = Release|Any CPU
		{086752A8-F97F-C749-4518-1FFEFB6C5FD8}.Release|Any CPU.Build.0 = Release|Any CPU
		{810AF306-26EC-8195-ED2A-9748542C70B9}.Debug|Any CPU.ActiveCfg = Debug|Any CPU
		{810AF306-26EC-8195-ED2A-9748542C70B9}.Debug|Any CPU.Build.0 = Debug|Any CPU
		{810AF306-26EC-8195-ED2A-9748542C70B9}.Release|Any CPU.ActiveCfg = Release|Any CPU
		{810AF306-26EC-8195-ED2A-9748542C70B9}.Release|Any CPU.Build.0 = Release|Any CPU
		{F9AA05CC-7852-91B9-E525-8AA58DB170CD}.Debug|Any CPU.ActiveCfg = Debug|Any CPU
		{F9AA05CC-7852-91B9-E525-8AA58DB170CD}.Debug|Any CPU.Build.0 = Debug|Any CPU
		{F9AA05CC-7852-91B9-E525-8AA58DB170CD}.Release|Any CPU.ActiveCfg = Release|Any CPU
		{F9AA05CC-7852-91B9-E525-8AA58DB170CD}.Release|Any CPU.Build.0 = Release|Any CPU
		{936FFDDF-1748-344B-D897-D2CE64E04CB9}.Debug|Any CPU.ActiveCfg = Debug|Any CPU
		{936FFDDF-1748-344B-D897-D2CE64E04CB9}.Debug|Any CPU.Build.0 = Debug|Any CPU
		{936FFDDF-1748-344B-D897-D2CE64E04CB9}.Release|Any CPU.ActiveCfg = Release|Any CPU
		{936FFDDF-1748-344B-D897-D2CE64E04CB9}.Release|Any CPU.Build.0 = Release|Any CPU
		{A37255F5-DEA3-CFE1-9463-6939DB469C8A}.Debug|Any CPU.ActiveCfg = Debug|Any CPU
		{A37255F5-DEA3-CFE1-9463-6939DB469C8A}.Debug|Any CPU.Build.0 = Debug|Any CPU
		{A37255F5-DEA3-CFE1-9463-6939DB469C8A}.Release|Any CPU.ActiveCfg = Release|Any CPU
		{A37255F5-DEA3-CFE1-9463-6939DB469C8A}.Release|Any CPU.Build.0 = Release|Any CPU
		{51DB228B-DF99-EA4B-CDD7-C84A66A464C3}.Debug|Any CPU.ActiveCfg = Debug|Any CPU
		{51DB228B-DF99-EA4B-CDD7-C84A66A464C3}.Debug|Any CPU.Build.0 = Debug|Any CPU
		{51DB228B-DF99-EA4B-CDD7-C84A66A464C3}.Release|Any CPU.ActiveCfg = Release|Any CPU
		{51DB228B-DF99-EA4B-CDD7-C84A66A464C3}.Release|Any CPU.Build.0 = Release|Any CPU
		{C2EF007F-B050-2968-932A-FEA87C502583}.Debug|Any CPU.ActiveCfg = Debug|Any CPU
		{C2EF007F-B050-2968-932A-FEA87C502583}.Debug|Any CPU.Build.0 = Debug|Any CPU
		{C2EF007F-B050-2968-932A-FEA87C502583}.Release|Any CPU.ActiveCfg = Release|Any CPU
		{C2EF007F-B050-2968-932A-FEA87C502583}.Release|Any CPU.Build.0 = Release|Any CPU
		{B2868851-1955-F5B2-8709-E0F6ACAB9916}.Debug|Any CPU.ActiveCfg = Debug|Any CPU
		{B2868851-1955-F5B2-8709-E0F6ACAB9916}.Debug|Any CPU.Build.0 = Debug|Any CPU
		{B2868851-1955-F5B2-8709-E0F6ACAB9916}.Release|Any CPU.ActiveCfg = Release|Any CPU
		{B2868851-1955-F5B2-8709-E0F6ACAB9916}.Release|Any CPU.Build.0 = Release|Any CPU
		{2F53F610-6F46-FAA6-9D7B-27CF7990446F}.Debug|Any CPU.ActiveCfg = Debug|Any CPU
		{2F53F610-6F46-FAA6-9D7B-27CF7990446F}.Debug|Any CPU.Build.0 = Debug|Any CPU
		{2F53F610-6F46-FAA6-9D7B-27CF7990446F}.Release|Any CPU.ActiveCfg = Release|Any CPU
		{2F53F610-6F46-FAA6-9D7B-27CF7990446F}.Release|Any CPU.Build.0 = Release|Any CPU
		{5BDA90DE-4179-271D-ADB5-AF988D386F8F}.Debug|Any CPU.ActiveCfg = Debug|Any CPU
		{5BDA90DE-4179-271D-ADB5-AF988D386F8F}.Debug|Any CPU.Build.0 = Debug|Any CPU
		{5BDA90DE-4179-271D-ADB5-AF988D386F8F}.Release|Any CPU.ActiveCfg = Release|Any CPU
		{5BDA90DE-4179-271D-ADB5-AF988D386F8F}.Release|Any CPU.Build.0 = Release|Any CPU
		{328E1200-8E90-4B14-34B1-48FA3FAC6A97}.Debug|Any CPU.ActiveCfg = Debug|Any CPU
		{328E1200-8E90-4B14-34B1-48FA3FAC6A97}.Debug|Any CPU.Build.0 = Debug|Any CPU
		{328E1200-8E90-4B14-34B1-48FA3FAC6A97}.Release|Any CPU.ActiveCfg = Release|Any CPU
		{328E1200-8E90-4B14-34B1-48FA3FAC6A97}.Release|Any CPU.Build.0 = Release|Any CPU
		{FEF7E3CB-CD78-6D90-9525-2B1911605474}.Debug|Any CPU.ActiveCfg = Debug|Any CPU
		{FEF7E3CB-CD78-6D90-9525-2B1911605474}.Debug|Any CPU.Build.0 = Debug|Any CPU
		{FEF7E3CB-CD78-6D90-9525-2B1911605474}.Release|Any CPU.ActiveCfg = Release|Any CPU
		{FEF7E3CB-CD78-6D90-9525-2B1911605474}.Release|Any CPU.Build.0 = Release|Any CPU
		{AD24DD42-897B-E86B-5C47-B54926BD9EAC}.Debug|Any CPU.ActiveCfg = Debug|Any CPU
		{AD24DD42-897B-E86B-5C47-B54926BD9EAC}.Debug|Any CPU.Build.0 = Debug|Any CPU
		{AD24DD42-897B-E86B-5C47-B54926BD9EAC}.Release|Any CPU.ActiveCfg = Release|Any CPU
		{AD24DD42-897B-E86B-5C47-B54926BD9EAC}.Release|Any CPU.Build.0 = Release|Any CPU
		{E19CCC38-EE4D-37EA-A498-6163F79E0B66}.Debug|Any CPU.ActiveCfg = Debug|Any CPU
		{E19CCC38-EE4D-37EA-A498-6163F79E0B66}.Debug|Any CPU.Build.0 = Debug|Any CPU
		{E19CCC38-EE4D-37EA-A498-6163F79E0B66}.Release|Any CPU.ActiveCfg = Release|Any CPU
		{E19CCC38-EE4D-37EA-A498-6163F79E0B66}.Release|Any CPU.Build.0 = Release|Any CPU
		{DF2F648B-FBE1-95A4-A0DA-464AC0F12DAA}.Debug|Any CPU.ActiveCfg = Debug|Any CPU
		{DF2F648B-FBE1-95A4-A0DA-464AC0F12DAA}.Debug|Any CPU.Build.0 = Debug|Any CPU
		{DF2F648B-FBE1-95A4-A0DA-464AC0F12DAA}.Release|Any CPU.ActiveCfg = Release|Any CPU
		{DF2F648B-FBE1-95A4-A0DA-464AC0F12DAA}.Release|Any CPU.Build.0 = Release|Any CPU
		{E6ACE870-3D9B-A67A-97DA-5C9AE8135263}.Debug|Any CPU.ActiveCfg = Debug|Any CPU
		{E6ACE870-3D9B-A67A-97DA-5C9AE8135263}.Debug|Any CPU.Build.0 = Debug|Any CPU
		{E6ACE870-3D9B-A67A-97DA-5C9AE8135263}.Release|Any CPU.ActiveCfg = Release|Any CPU
		{E6ACE870-3D9B-A67A-97DA-5C9AE8135263}.Release|Any CPU.Build.0 = Release|Any CPU
		{E940B865-95EA-8294-793D-9BEA4F43688B}.Debug|Any CPU.ActiveCfg = Debug|Any CPU
		{E940B865-95EA-8294-793D-9BEA4F43688B}.Debug|Any CPU.Build.0 = Debug|Any CPU
		{E940B865-95EA-8294-793D-9BEA4F43688B}.Release|Any CPU.ActiveCfg = Release|Any CPU
		{E940B865-95EA-8294-793D-9BEA4F43688B}.Release|Any CPU.Build.0 = Release|Any CPU
	EndGlobalSection
	GlobalSection(SolutionProperties) = preSolution
		HideSolutionNode = FALSE
	EndGlobalSection
EndGlobal
